
Microsoft Visual Studio Solution File, Format Version 12.00
# Visual Studio Version 16
VisualStudioVersion = 16.0.29215.179
MinimumVisualStudioVersion = 10.0.40219.1
Project("{FAE04EC0-301F-11D3-BF4B-00C04F79EFBC}") = "SelectionSort", "Binary Search\SelectionSort.csproj", "{E238CBE2-D3D9-43FF-BA66-96D9DDC3EBFC}"
EndProject
Global
	GlobalSection(SolutionConfigurationPlatforms) = preSolution
		Debug|Any CPU = Debug|Any CPU
		Release|Any CPU = Release|Any CPU
	EndGlobalSection
	GlobalSection(ProjectConfigurationPlatforms) = postSolution
		{E238CBE2-D3D9-43FF-BA66-96D9DDC3EBFC}.Debug|Any CPU.ActiveCfg = Debug|Any CPU
		{E238CBE2-D3D9-43FF-BA66-96D9DDC3EBFC}.Debug|Any CPU.Build.0 = Debug|Any CPU
		{E238CBE2-D3D9-43FF-BA66-96D9DDC3EBFC}.Release|Any CPU.ActiveCfg = Release|Any CPU
		{E238CBE2-D3D9-43FF-BA66-96D9DDC3EBFC}.Release|Any CPU.Build.0 = Release|Any CPU
	EndGlobalSection
	GlobalSection(SolutionProperties) = preSolution
		HideSolutionNode = FALSE
	EndGlobalSection
	GlobalSection(ExtensibilityGlobals) = postSolution
		SolutionGuid = {B9536653-0690-477A-9546-728F6EC5EAD4}
	EndGlobalSection
EndGlobal
